
Microsoft Visual Studio Solution File, Format Version 12.00
# Visual Studio Version 16
VisualStudioVersion = 16.0.30503.244
MinimumVisualStudioVersion = 10.0.40219.1
Project("{9A19103F-16F7-4668-BE54-9A1E7A4F7556}") = "ElixinBackend", "ElixinBackend\ElixinBackend.csproj", "{28491638-E259-4583-911D-0D0A8997D4D7}"
EndProject
Project("{2150E333-8FDC-42A3-9474-1A3956D46DE8}") = "Users", "Users", "{045DFBD6-AA2B-46A6-A6C1-17C315ECC1B0}"
EndProject
Project("{9A19103F-16F7-4668-BE54-9A1E7A4F7556}") = "ElixinBackend.Users", "ElixinBackend.Users\ElixinBackend.Users.csproj", "{F7BC792F-0290-47E3-AE80-00CDE5447207}"
EndProject
Project("{2150E333-8FDC-42A3-9474-1A3956D46DE8}") = "Infrastructure", "Infrastructure", "{DBB8A984-0F49-4041-9EE4-C6EBA1864987}"
EndProject
Project("{9A19103F-16F7-4668-BE54-9A1E7A4F7556}") = "ElixinBackend.DAL", "ElixinBackend.DAL\ElixinBackend.DAL.csproj", "{4FD8152D-0FDD-4E02-900D-D76A3B547D2F}"
EndProject
Project("{9A19103F-16F7-4668-BE54-9A1E7A4F7556}") = "ElixinBackend.Shared", "ElixinBackend.Shared\ElixinBackend.Shared.csproj", "{66C65C01-6EE8-4BAF-ABA6-270A78110796}"
EndProject
Project("{FAE04EC0-301F-11D3-BF4B-00C04F79EFBC}") = "ElixinBackend.Utils", "ElixinBackend.Utils\ElixinBackend.Utils.csproj", "{71A32871-4D22-4BD5-84EE-316B3B0D79F3}"
EndProject
Global
	GlobalSection(SolutionConfigurationPlatforms) = preSolution
		Debug|Any CPU = Debug|Any CPU
		Release|Any CPU = Release|Any CPU
	EndGlobalSection
	GlobalSection(ProjectConfigurationPlatforms) = postSolution
		{28491638-E259-4583-911D-0D0A8997D4D7}.Debug|Any CPU.ActiveCfg = Debug|Any CPU
		{28491638-E259-4583-911D-0D0A8997D4D7}.Debug|Any CPU.Build.0 = Debug|Any CPU
		{28491638-E259-4583-911D-0D0A8997D4D7}.Release|Any CPU.ActiveCfg = Release|Any CPU
		{28491638-E259-4583-911D-0D0A8997D4D7}.Release|Any CPU.Build.0 = Release|Any CPU
		{F7BC792F-0290-47E3-AE80-00CDE5447207}.Debug|Any CPU.ActiveCfg = Debug|Any CPU
		{F7BC792F-0290-47E3-AE80-00CDE5447207}.Debug|Any CPU.Build.0 = Debug|Any CPU
		{F7BC792F-0290-47E3-AE80-00CDE5447207}.Release|Any CPU.ActiveCfg = Release|Any CPU
		{F7BC792F-0290-47E3-AE80-00CDE5447207}.Release|Any CPU.Build.0 = Release|Any CPU
		{4FD8152D-0FDD-4E02-900D-D76A3B547D2F}.Debug|Any CPU.ActiveCfg = Debug|Any CPU
		{4FD8152D-0FDD-4E02-900D-D76A3B547D2F}.Debug|Any CPU.Build.0 = Debug|Any CPU
		{4FD8152D-0FDD-4E02-900D-D76A3B547D2F}.Release|Any CPU.ActiveCfg = Release|Any CPU
		{4FD8152D-0FDD-4E02-900D-D76A3B547D2F}.Release|Any CPU.Build.0 = Release|Any CPU
		{66C65C01-6EE8-4BAF-ABA6-270A78110796}.Debug|Any CPU.ActiveCfg = Debug|Any CPU
		{66C65C01-6EE8-4BAF-ABA6-270A78110796}.Debug|Any CPU.Build.0 = Debug|Any CPU
		{66C65C01-6EE8-4BAF-ABA6-270A78110796}.Release|Any CPU.ActiveCfg = Release|Any CPU
		{66C65C01-6EE8-4BAF-ABA6-270A78110796}.Release|Any CPU.Build.0 = Release|Any CPU
		{71A32871-4D22-4BD5-84EE-316B3B0D79F3}.Debug|Any CPU.ActiveCfg = Debug|Any CPU
		{71A32871-4D22-4BD5-84EE-316B3B0D79F3}.Debug|Any CPU.Build.0 = Debug|Any CPU
		{71A32871-4D22-4BD5-84EE-316B3B0D79F3}.Release|Any CPU.ActiveCfg = Release|Any CPU
		{71A32871-4D22-4BD5-84EE-316B3B0D79F3}.Release|Any CPU.Build.0 = Release|Any CPU
	EndGlobalSection
	GlobalSection(SolutionProperties) = preSolution
		HideSolutionNode = FALSE
	EndGlobalSection
	GlobalSection(NestedProjects) = preSolution
		{F7BC792F-0290-47E3-AE80-00CDE5447207} = {045DFBD6-AA2B-46A6-A6C1-17C315ECC1B0}
		{4FD8152D-0FDD-4E02-900D-D76A3B547D2F} = {DBB8A984-0F49-4041-9EE4-C6EBA1864987}
	EndGlobalSection
	GlobalSection(ExtensibilityGlobals) = postSolution
		SolutionGuid = {F84A3983-0767-482B-97A6-FCF852137CF3}
	EndGlobalSection
EndGlobal
